
Microsoft Visual Studio Solution File, Format Version 12.00
# Visual Studio Version 17
VisualStudioVersion = 17.4.33213.308
MinimumVisualStudioVersion = 10.0.40219.1
Project("{8BC9CEB8-8B4A-11D0-8D11-00A0C91BC942}") = "Breakout", "Breakout\Breakout.vcxproj", "{17530908-54FB-402F-945D-5A97CC8C9529}"
EndProject
Global
	GlobalSection(SolutionConfigurationPlatforms) = preSolution
		Debug|x64 = Debug|x64
		Debug|x86 = Debug|x86
		Release|x64 = Release|x64
		Release|x86 = Release|x86
	EndGlobalSection
	GlobalSection(ProjectConfigurationPlatforms) = postSolution
		{17530908-54FB-402F-945D-5A97CC8C9529}.Debug|x64.ActiveCfg = Debug|x64
		{17530908-54FB-402F-945D-5A97CC8C9529}.Debug|x64.Build.0 = Debug|x64
		{17530908-54FB-402F-945D-5A97CC8C9529}.Debug|x86.ActiveCfg = Debug|Win32
		{17530908-54FB-402F-945D-5A97CC8C9529}.Debug|x86.Build.0 = Debug|Win32
		{17530908-54FB-402F-945D-5A97CC8C9529}.Release|x64.ActiveCfg = Release|x64
		{17530908-54FB-402F-945D-5A97CC8C9529}.Release|x64.Build.0 = Release|x64
		{17530908-54FB-402F-945D-5A97CC8C9529}.Release|x86.ActiveCfg = Release|Win32
		{17530908-54FB-402F-945D-5A97CC8C9529}.Release|x86.Build.0 = Release|Win32
	EndGlobalSection
	GlobalSection(SolutionProperties) = preSolution
		HideSolutionNode = FALSE
	EndGlobalSection
	GlobalSection(ExtensibilityGlobals) = postSolution
		SolutionGuid = {8E8BA82B-AF04-40AF-99E7-47E68FCD1CD6}
	EndGlobalSection
EndGlobal
